
Microsoft Visual Studio Solution File, Format Version 12.00
# Visual Studio 15
VisualStudioVersion = 15.0.27428.2037
MinimumVisualStudioVersion = 10.0.40219.1
Project("{FAE04EC0-301F-11D3-BF4B-00C04F79EFBC}") = "App13.Android", "App13\App13.Android\App13.Android.csproj", "{380ACA84-4718-4F39-967D-C574D353E17A}"
EndProject
Project("{FAE04EC0-301F-11D3-BF4B-00C04F79EFBC}") = "App13.iOS", "App13\App13.iOS\App13.iOS.csproj", "{21E7EAFA-D1FB-441B-BE3D-FB1A1710D0DB}"
EndProject
Project("{FAE04EC0-301F-11D3-BF4B-00C04F79EFBC}") = "App13.UWP", "App13\App13.UWP\App13.UWP.csproj", "{5CC39F2E-F43A-48AA-AB9D-DE2F598E8851}"
EndProject
Project("{9A19103F-16F7-4668-BE54-9A1E7A4F7556}") = "App13", "App13\App13\App13.csproj", "{95CDE927-6265-448E-9F16-54B59AD70C94}"
EndProject
Global
	GlobalSection(SolutionConfigurationPlatforms) = preSolution
		Ad-Hoc|Any CPU = Ad-Hoc|Any CPU
		Ad-Hoc|ARM = Ad-Hoc|ARM
		Ad-Hoc|iPhone = Ad-Hoc|iPhone
		Ad-Hoc|iPhoneSimulator = Ad-Hoc|iPhoneSimulator
		Ad-Hoc|x64 = Ad-Hoc|x64
		Ad-Hoc|x86 = Ad-Hoc|x86
		AppStore|Any CPU = AppStore|Any CPU
		AppStore|ARM = AppStore|ARM
		AppStore|iPhone = AppStore|iPhone
		AppStore|iPhoneSimulator = AppStore|iPhoneSimulator
		AppStore|x64 = AppStore|x64
		AppStore|x86 = AppStore|x86
		Debug|Any CPU = Debug|Any CPU
		Debug|ARM = Debug|ARM
		Debug|iPhone = Debug|iPhone
		Debug|iPhoneSimulator = Debug|iPhoneSimulator
		Debug|x64 = Debug|x64
		Debug|x86 = Debug|x86
		Release|Any CPU = Release|Any CPU
		Release|ARM = Release|ARM
		Release|iPhone = Release|iPhone
		Release|iPhoneSimulator = Release|iPhoneSimulator
		Release|x64 = Release|x64
		Release|x86 = Release|x86
	EndGlobalSection
	GlobalSection(ProjectConfigurationPlatforms) = postSolution
		{380ACA84-4718-4F39-967D-C574D353E17A}.Ad-Hoc|Any CPU.ActiveCfg = Release|Any CPU
		{380ACA84-4718-4F39-967D-C574D353E17A}.Ad-Hoc|Any CPU.Build.0 = Release|Any CPU
		{380ACA84-4718-4F39-967D-C574D353E17A}.Ad-Hoc|Any CPU.Deploy.0 = Release|Any CPU
		{380ACA84-4718-4F39-967D-C574D353E17A}.Ad-Hoc|ARM.ActiveCfg = Release|Any CPU
		{380ACA84-4718-4F39-967D-C574D353E17A}.Ad-Hoc|ARM.Build.0 = Release|Any CPU
		{380ACA84-4718-4F39-967D-C574D353E17A}.Ad-Hoc|ARM.Deploy.0 = Release|Any CPU
		{380ACA84-4718-4F39-967D-C574D353E17A}.Ad-Hoc|iPhone.ActiveCfg = Release|Any CPU
		{380ACA84-4718-4F39-967D-C574D353E17A}.Ad-Hoc|iPhone.Build.0 = Release|Any CPU
		{380ACA84-4718-4F39-967D-C574D353E17A}.Ad-Hoc|iPhone.Deploy.0 = Release|Any CPU
		{380ACA84-4718-4F39-967D-C574D353E17A}.Ad-Hoc|iPhoneSimulator.ActiveCfg = Release|Any CPU
		{380ACA84-4718-4F39-967D-C574D353E17A}.Ad-Hoc|iPhoneSimulator.Build.0 = Release|Any CPU
		{380ACA84-4718-4F39-967D-C574D353E17A}.Ad-Hoc|iPhoneSimulator.Deploy.0 = Release|Any CPU
		{380ACA84-4718-4F39-967D-C574D353E17A}.Ad-Hoc|x64.ActiveCfg = Release|Any CPU
		{380ACA84-4718-4F39-967D-C574D353E17A}.Ad-Hoc|x64.Build.0 = Release|Any CPU
		{380ACA84-4718-4F39-967D-C574D353E17A}.Ad-Hoc|x64.Deploy.0 = Release|Any CPU
		{380ACA84-4718-4F39-967D-C574D353E17A}.Ad-Hoc|x86.ActiveCfg = Release|Any CPU
		{380ACA84-4718-4F39-967D-C574D353E17A}.Ad-Hoc|x86.Build.0 = Release|Any CPU
		{380ACA84-4718-4F39-967D-C574D353E17A}.Ad-Hoc|x86.Deploy.0 = Release|Any CPU
		{380ACA84-4718-4F39-967D-C574D353E17A}.AppStore|Any CPU.ActiveCfg = Release|Any CPU
		{380ACA84-4718-4F39-967D-C574D353E17A}.AppStore|Any CPU.Build.0 = Release|Any CPU
		{380ACA84-4718-4F39-967D-C574D353E17A}.AppStore|Any CPU.Deploy.0 = Release|Any CPU
		{380ACA84-4718-4F39-967D-C574D353E17A}.AppStore|ARM.ActiveCfg = Release|Any CPU
		{380ACA84-4718-4F39-967D-C574D353E17A}.AppStore|ARM.Build.0 = Release|Any CPU
		{380ACA84-4718-4F39-967D-C574D353E17A}.AppStore|ARM.Deploy.0 = Release|Any CPU
		{380ACA84-4718-4F39-967D-C574D353E17A}.AppStore|iPhone.ActiveCfg = Release|Any CPU
		{380ACA84-4718-4F39-967D-C574D353E17A}.AppStore|iPhone.Build.0 = Release|Any CPU
		{380ACA84-4718-4F39-967D-C574D353E17A}.AppStore|iPhone.Deploy.0 = Release|Any CPU
		{380ACA84-4718-4F39-967D-C574D353E17A}.AppStore|iPhoneSimulator.ActiveCfg = Release|Any CPU
		{380ACA84-4718-4F39-967D-C574D353E17A}.AppStore|iPhoneSimulator.Build.0 = Release|Any CPU
		{380ACA84-4718-4F39-967D-C574D353E17A}.AppStore|iPhoneSimulator.Deploy.0 = Release|Any CPU
		{380ACA84-4718-4F39-967D-C574D353E17A}.AppStore|x64.ActiveCfg = Release|Any CPU
		{380ACA84-4718-4F39-967D-C574D353E17A}.AppStore|x64.Build.0 = Release|Any CPU
		{380ACA84-4718-4F39-967D-C574D353E17A}.AppStore|x64.Deploy.0 = Release|Any CPU
		{380ACA84-4718-4F39-967D-C574D353E17A}.AppStore|x86.ActiveCfg = Release|Any CPU
		{380ACA84-4718-4F39-967D-C574D353E17A}.AppStore|x86.Build.0 = Release|Any CPU
		{380ACA84-4718-4F39-967D-C574D353E17A}.AppStore|x86.Deploy.0 = Release|Any CPU
		{380ACA84-4718-4F39-967D-C574D353E17A}.Debug|Any CPU.ActiveCfg = Debug|Any CPU
		{380ACA84-4718-4F39-967D-C574D353E17A}.Debug|Any CPU.Build.0 = Debug|Any CPU
		{380ACA84-4718-4F39-967D-C574D353E17A}.Debug|Any CPU.Deploy.0 = Debug|Any CPU
		{380ACA84-4718-4F39-967D-C574D353E17A}.Debug|ARM.ActiveCfg = Debug|Any CPU
		{380ACA84-4718-4F39-967D-C574D353E17A}.Debug|ARM.Build.0 = Debug|Any CPU
		{380ACA84-4718-4F39-967D-C574D353E17A}.Debug|ARM.Deploy.0 = Debug|Any CPU
		{380ACA84-4718-4F39-967D-C574D353E17A}.Debug|iPhone.ActiveCfg = Debug|Any CPU
		{380ACA84-4718-4F39-967D-C574D353E17A}.Debug|iPhone.Build.0 = Debug|Any CPU
		{380ACA84-4718-4F39-967D-C574D353E17A}.Debug|iPhone.Deploy.0 = Debug|Any CPU
		{380ACA84-4718-4F39-967D-C574D353E17A}.Debug|iPhoneSimulator.ActiveCfg = Debug|Any CPU
		{380ACA84-4718-4F39-967D-C574D353E17A}.Debug|iPhoneSimulator.Build.0 = Debug|Any CPU
		{380ACA84-4718-4F39-967D-C574D353E17A}.Debug|iPhoneSimulator.Deploy.0 = Debug|Any CPU
		{380ACA84-4718-4F39-967D-C574D353E17A}.Debug|x64.ActiveCfg = Debug|Any CPU
		{380ACA84-4718-4F39-967D-C574D353E17A}.Debug|x64.Build.0 = Debug|Any CPU
		{380ACA84-4718-4F39-967D-C574D353E17A}.Debug|x64.Deploy.0 = Debug|Any CPU
		{380ACA84-4718-4F39-967D-C574D353E17A}.Debug|x86.ActiveCfg = Debug|Any CPU
		{380ACA84-4718-4F39-967D-C574D353E17A}.Debug|x86.Build.0 = Debug|Any CPU
		{380ACA84-4718-4F39-967D-C574D353E17A}.Debug|x86.Deploy.0 = Debug|Any CPU
		{380ACA84-4718-4F39-967D-C574D353E17A}.Release|Any CPU.ActiveCfg = Release|Any CPU
		{380ACA84-4718-4F39-967D-C574D353E17A}.Release|Any CPU.Build.0 = Release|Any CPU
		{380ACA84-4718-4F39-967D-C574D353E17A}.Release|Any CPU.Deploy.0 = Release|Any CPU
		{380ACA84-4718-4F39-967D-C574D353E17A}.Release|ARM.ActiveCfg = Release|Any CPU
		{380ACA84-4718-4F39-967D-C574D353E17A}.Release|ARM.Build.0 = Release|Any CPU
		{380ACA84-4718-4F39-967D-C574D353E17A}.Release|ARM.Deploy.0 = Release|Any CPU
		{380ACA84-4718-4F39-967D-C574D353E17A}.Release|iPhone.ActiveCfg = Release|Any CPU
		{380ACA84-4718-4F39-967D-C574D353E17A}.Release|iPhone.Build.0 = Release|Any CPU
		{380ACA84-4718-4F39-967D-C574D353E17A}.Release|iPhone.Deploy.0 = Release|Any CPU
		{380ACA84-4718-4F39-967D-C574D353E17A}.Release|iPhoneSimulator.ActiveCfg = Release|Any CPU
		{380ACA84-4718-4F39-967D-C574D353E17A}.Release|iPhoneSimulator.Build.0 = Release|Any CPU
		{380ACA84-4718-4F39-967D-C574D353E17A}.Release|iPhoneSimulator.Deploy.0 = Release|Any CPU
		{380ACA84-4718-4F39-967D-C574D353E17A}.Release|x64.ActiveCfg = Release|Any CPU
		{380ACA84-4718-4F39-967D-C574D353E17A}.Release|x64.Build.0 = Release|Any CPU
		{380ACA84-4718-4F39-967D-C574D353E17A}.Release|x64.Deploy.0 = Release|Any CPU
		{380ACA84-4718-4F39-967D-C574D353E17A}.Release|x86.ActiveCfg = Release|Any CPU
		{380ACA84-4718-4F39-967D-C574D353E17A}.Release|x86.Build.0 = Release|Any CPU
		{380ACA84-4718-4F39-967D-C574D353E17A}.Release|x86.Deploy.0 = Release|Any CPU
		{21E7EAFA-D1FB-441B-BE3D-FB1A1710D0DB}.Ad-Hoc|Any CPU.ActiveCfg = Ad-Hoc|iPhone
		{21E7EAFA-D1FB-441B-BE3D-FB1A1710D0DB}.Ad-Hoc|ARM.ActiveCfg = Ad-Hoc|iPhone
		{21E7EAFA-D1FB-441B-BE3D-FB1A1710D0DB}.Ad-Hoc|iPhone.ActiveCfg = Ad-Hoc|iPhone
		{21E7EAFA-D1FB-441B-BE3D-FB1A1710D0DB}.Ad-Hoc|iPhone.Build.0 = Ad-Hoc|iPhone
		{21E7EAFA-D1FB-441B-BE3D-FB1A1710D0DB}.Ad-Hoc|iPhoneSimulator.ActiveCfg = Ad-Hoc|iPhoneSimulator
		{21E7EAFA-D1FB-441B-BE3D-FB1A1710D0DB}.Ad-Hoc|iPhoneSimulator.Build.0 = Ad-Hoc|iPhoneSimulator
		{21E7EAFA-D1FB-441B-BE3D-FB1A1710D0DB}.Ad-Hoc|x64.ActiveCfg = Ad-Hoc|iPhone
		{21E7EAFA-D1FB-441B-BE3D-FB1A1710D0DB}.Ad-Hoc|x86.ActiveCfg = Ad-Hoc|iPhone
		{21E7EAFA-D1FB-441B-BE3D-FB1A1710D0DB}.AppStore|Any CPU.ActiveCfg = AppStore|iPhone
		{21E7EAFA-D1FB-441B-BE3D-FB1A1710D0DB}.AppStore|ARM.ActiveCfg = AppStore|iPhone
		{21E7EAFA-D1FB-441B-BE3D-FB1A1710D0DB}.AppStore|iPhone.ActiveCfg = AppStore|iPhone
		{21E7EAFA-D1FB-441B-BE3D-FB1A1710D0DB}.AppStore|iPhone.Build.0 = AppStore|iPhone
		{21E7EAFA-D1FB-441B-BE3D-FB1A1710D0DB}.AppStore|iPhoneSimulator.ActiveCfg = AppStore|iPhoneSimulator
		{21E7EAFA-D1FB-441B-BE3D-FB1A1710D0DB}.AppStore|iPhoneSimulator.Build.0 = AppStore|iPhoneSimulator
		{21E7EAFA-D1FB-441B-BE3D-FB1A1710D0DB}.AppStore|x64.ActiveCfg = AppStore|iPhone
		{21E7EAFA-D1FB-441B-BE3D-FB1A1710D0DB}.AppStore|x86.ActiveCfg = AppStore|iPhone
		{21E7EAFA-D1FB-441B-BE3D-FB1A1710D0DB}.Debug|Any CPU.ActiveCfg = Debug|iPhone
		{21E7EAFA-D1FB-441B-BE3D-FB1A1710D0DB}.Debug|ARM.ActiveCfg = Debug|iPhone
		{21E7EAFA-D1FB-441B-BE3D-FB1A1710D0DB}.Debug|iPhone.ActiveCfg = Debug|iPhone
		{21E7EAFA-D1FB-441B-BE3D-FB1A1710D0DB}.Debug|iPhone.Build.0 = Debug|iPhone
		{21E7EAFA-D1FB-441B-BE3D-FB1A1710D0DB}.Debug|iPhoneSimulator.ActiveCfg = Debug|iPhoneSimulator
		{21E7EAFA-D1FB-441B-BE3D-FB1A1710D0DB}.Debug|iPhoneSimulator.Build.0 = Debug|iPhoneSimulator
		{21E7EAFA-D1FB-441B-BE3D-FB1A1710D0DB}.Debug|x64.ActiveCfg = Debug|iPhone
		{21E7EAFA-D1FB-441B-BE3D-FB1A1710D0DB}.Debug|x86.ActiveCfg = Debug|iPhone
		{21E7EAFA-D1FB-441B-BE3D-FB1A1710D0DB}.Release|Any CPU.ActiveCfg = Release|iPhone
		{21E7EAFA-D1FB-441B-BE3D-FB1A1710D0DB}.Release|ARM.ActiveCfg = Release|iPhone
		{21E7EAFA-D1FB-441B-BE3D-FB1A1710D0DB}.Release|iPhone.ActiveCfg = Release|iPhone
		{21E7EAFA-D1FB-441B-BE3D-FB1A1710D0DB}.Release|iPhone.Build.0 = Release|iPhone
		{21E7EAFA-D1FB-441B-BE3D-FB1A1710D0DB}.Release|iPhoneSimulator.ActiveCfg = Release|iPhoneSimulator
		{21E7EAFA-D1FB-441B-BE3D-FB1A1710D0DB}.Release|iPhoneSimulator.Build.0 = Release|iPhoneSimulator
		{21E7EAFA-D1FB-441B-BE3D-FB1A1710D0DB}.Release|x64.ActiveCfg = Release|iPhone
		{21E7EAFA-D1FB-441B-BE3D-FB1A1710D0DB}.Release|x86.ActiveCfg = Release|iPhone
		{5CC39F2E-F43A-48AA-AB9D-DE2F598E8851}.Ad-Hoc|Any CPU.ActiveCfg = Release|x86
		{5CC39F2E-F43A-48AA-AB9D-DE2F598E8851}.Ad-Hoc|Any CPU.Build.0 = Release|x86
		{5CC39F2E-F43A-48AA-AB9D-DE2F598E8851}.Ad-Hoc|Any CPU.Deploy.0 = Release|x86
		{5CC39F2E-F43A-48AA-AB9D-DE2F598E8851}.Ad-Hoc|ARM.ActiveCfg = Release|ARM
		{5CC39F2E-F43A-48AA-AB9D-DE2F598E8851}.Ad-Hoc|ARM.Build.0 = Release|ARM
		{5CC39F2E-F43A-48AA-AB9D-DE2F598E8851}.Ad-Hoc|ARM.Deploy.0 = Release|ARM
		{5CC39F2E-F43A-48AA-AB9D-DE2F598E8851}.Ad-Hoc|iPhone.ActiveCfg = Release|x86
		{5CC39F2E-F43A-48AA-AB9D-DE2F598E8851}.Ad-Hoc|iPhone.Build.0 = Release|x86
		{5CC39F2E-F43A-48AA-AB9D-DE2F598E8851}.Ad-Hoc|iPhone.Deploy.0 = Release|x86
		{5CC39F2E-F43A-48AA-AB9D-DE2F598E8851}.Ad-Hoc|iPhoneSimulator.ActiveCfg = Release|x86
		{5CC39F2E-F43A-48AA-AB9D-DE2F598E8851}.Ad-Hoc|iPhoneSimulator.Build.0 = Release|x86
		{5CC39F2E-F43A-48AA-AB9D-DE2F598E8851}.Ad-Hoc|iPhoneSimulator.Deploy.0 = Release|x86
		{5CC39F2E-F43A-48AA-AB9D-DE2F598E8851}.Ad-Hoc|x64.ActiveCfg = Release|x64
		{5CC39F2E-F43A-48AA-AB9D-DE2F598E8851}.Ad-Hoc|x64.Build.0 = Release|x64
		{5CC39F2E-F43A-48AA-AB9D-DE2F598E8851}.Ad-Hoc|x64.Deploy.0 = Release|x64
		{5CC39F2E-F43A-48AA-AB9D-DE2F598E8851}.Ad-Hoc|x86.ActiveCfg = Release|x86
		{5CC39F2E-F43A-48AA-AB9D-DE2F598E8851}.Ad-Hoc|x86.Build.0 = Release|x86
		{5CC39F2E-F43A-48AA-AB9D-DE2F598E8851}.Ad-Hoc|x86.Deploy.0 = Release|x86
		{5CC39F2E-F43A-48AA-AB9D-DE2F598E8851}.AppStore|Any CPU.ActiveCfg = Release|x86
		{5CC39F2E-F43A-48AA-AB9D-DE2F598E8851}.AppStore|Any CPU.Build.0 = Release|x86
		{5CC39F2E-F43A-48AA-AB9D-DE2F598E8851}.AppStore|Any CPU.Deploy.0 = Release|x86
		{5CC39F2E-F43A-48AA-AB9D-DE2F598E8851}.AppStore|ARM.ActiveCfg = Release|ARM
		{5CC39F2E-F43A-48AA-AB9D-DE2F598E8851}.AppStore|ARM.Build.0 = Release|ARM
		{5CC39F2E-F43A-48AA-AB9D-DE2F598E8851}.AppStore|ARM.Deploy.0 = Release|ARM
		{5CC39F2E-F43A-48AA-AB9D-DE2F598E8851}.AppStore|iPhone.ActiveCfg = Release|x86
		{5CC39F2E-F43A-48AA-AB9D-DE2F598E8851}.AppStore|iPhone.Build.0 = Release|x86
		{5CC39F2E-F43A-48AA-AB9D-DE2F598E8851}.AppStore|iPhone.Deploy.0 = Release|x86
		{5CC39F2E-F43A-48AA-AB9D-DE2F598E8851}.AppStore|iPhoneSimulator.ActiveCfg = Release|x86
		{5CC39F2E-F43A-48AA-AB9D-DE2F598E8851}.AppStore|iPhoneSimulator.Build.0 = Release|x86
		{5CC39F2E-F43A-48AA-AB9D-DE2F598E8851}.AppStore|iPhoneSimulator.Deploy.0 = Release|x86
		{5CC39F2E-F43A-48AA-AB9D-DE2F598E8851}.AppStore|x64.ActiveCfg = Release|x64
		{5CC39F2E-F43A-48AA-AB9D-DE2F598E8851}.AppStore|x64.Build.0 = Release|x64
		{5CC39F2E-F43A-48AA-AB9D-DE2F598E8851}.AppStore|x64.Deploy.0 = Release|x64
		{5CC39F2E-F43A-48AA-AB9D-DE2F598E8851}.AppStore|x86.ActiveCfg = Release|x86
		{5CC39F2E-F43A-48AA-AB9D-DE2F598E8851}.AppStore|x86.Build.0 = Release|x86
		{5CC39F2E-F43A-48AA-AB9D-DE2F598E8851}.AppStore|x86.Deploy.0 = Release|x86
		{5CC39F2E-F43A-48AA-AB9D-DE2F598E8851}.Debug|Any CPU.ActiveCfg = Debug|x86
		{5CC39F2E-F43A-48AA-AB9D-DE2F598E8851}.Debug|ARM.ActiveCfg = Debug|ARM
		{5CC39F2E-F43A-48AA-AB9D-DE2F598E8851}.Debug|ARM.Build.0 = Debug|ARM
		{5CC39F2E-F43A-48AA-AB9D-DE2F598E8851}.Debug|ARM.Deploy.0 = Debug|ARM
		{5CC39F2E-F43A-48AA-AB9D-DE2F598E8851}.Debug|iPhone.ActiveCfg = Debug|x86
		{5CC39F2E-F43A-48AA-AB9D-DE2F598E8851}.Debug|iPhoneSimulator.ActiveCfg = Debug|x86
		{5CC39F2E-F43A-48AA-AB9D-DE2F598E8851}.Debug|x64.ActiveCfg = Debug|x64
		{5CC39F2E-F43A-48AA-AB9D-DE2F598E8851}.Debug|x64.Build.0 = Debug|x64
		{5CC39F2E-F43A-48AA-AB9D-DE2F598E8851}.Debug|x64.Deploy.0 = Debug|x64
		{5CC39F2E-F43A-48AA-AB9D-DE2F598E8851}.Debug|x86.ActiveCfg = Debug|x86
		{5CC39F2E-F43A-48AA-AB9D-DE2F598E8851}.Debug|x86.Build.0 = Debug|x86
		{5CC39F2E-F43A-48AA-AB9D-DE2F598E8851}.Debug|x86.Deploy.0 = Debug|x86
		{5CC39F2E-F43A-48AA-AB9D-DE2F598E8851}.Release|Any CPU.ActiveCfg = Release|x86
		{5CC39F2E-F43A-48AA-AB9D-DE2F598E8851}.Release|ARM.ActiveCfg = Release|ARM
		{5CC39F2E-F43A-48AA-AB9D-DE2F598E8851}.Release|ARM.Build.0 = Release|ARM
		{5CC39F2E-F43A-48AA-AB9D-DE2F598E8851}.Release|ARM.Deploy.0 = Release|ARM
		{5CC39F2E-F43A-48AA-AB9D-DE2F598E8851}.Release|iPhone.ActiveCfg = Release|x86
		{5CC39F2E-F43A-48AA-AB9D-DE2F598E8851}.Release|iPhoneSimulator.ActiveCfg = Release|x86
		{5CC39F2E-F43A-48AA-AB9D-DE2F598E8851}.Release|x64.ActiveCfg = Release|x64
		{5CC39F2E-F43A-48AA-AB9D-DE2F598E8851}.Release|x64.Build.0 = Release|x64
		{5CC39F2E-F43A-48AA-AB9D-DE2F598E8851}.Release|x64.Deploy.0 = Release|x64
		{5CC39F2E-F43A-48AA-AB9D-DE2F598E8851}.Release|x86.ActiveCfg = Release|x86
		{5CC39F2E-F43A-48AA-AB9D-DE2F598E8851}.Release|x86.Build.0 = Release|x86
		{5CC39F2E-F43A-48AA-AB9D-DE2F598E8851}.Release|x86.Deploy.0 = Release|x86
		{95CDE927-6265-448E-9F16-54B59AD70C94}.Ad-Hoc|Any CPU.ActiveCfg = Debug|Any CPU
		{95CDE927-6265-448E-9F16-54B59AD70C94}.Ad-Hoc|Any CPU.Build.0 = Debug|Any CPU
		{95CDE927-6265-448E-9F16-54B59AD70C94}.Ad-Hoc|ARM.ActiveCfg = Debug|Any CPU
		{95CDE927-6265-448E-9F16-54B59AD70C94}.Ad-Hoc|ARM.Build.0 = Debug|Any CPU
		{95CDE927-6265-448E-9F16-54B59AD70C94}.Ad-Hoc|iPhone.ActiveCfg = Debug|Any CPU
		{95CDE927-6265-448E-9F16-54B59AD70C94}.Ad-Hoc|iPhone.Build.0 = Debug|Any CPU
		{95CDE927-6265-448E-9F16-54B59AD70C94}.Ad-Hoc|iPhoneSimulator.ActiveCfg = Debug|Any CPU
		{95CDE927-6265-448E-9F16-54B59AD70C94}.Ad-Hoc|iPhoneSimulator.Build.0 = Debug|Any CPU
		{95CDE927-6265-448E-9F16-54B59AD70C94}.Ad-Hoc|x64.ActiveCfg = Debug|Any CPU
		{95CDE927-6265-448E-9F16-54B59AD70C94}.Ad-Hoc|x64.Build.0 = Debug|Any CPU
		{95CDE927-6265-448E-9F16-54B59AD70C94}.Ad-Hoc|x86.ActiveCfg = Debug|Any CPU
		{95CDE927-6265-448E-9F16-54B59AD70C94}.Ad-Hoc|x86.Build.0 = Debug|Any CPU
		{95CDE927-6265-448E-9F16-54B59AD70C94}.AppStore|Any CPU.ActiveCfg = Debug|Any CPU
		{95CDE927-6265-448E-9F16-54B59AD70C94}.AppStore|Any CPU.Build.0 = Debug|Any CPU
		{95CDE927-6265-448E-9F16-54B59AD70C94}.AppStore|ARM.ActiveCfg = Debug|Any CPU
		{95CDE927-6265-448E-9F16-54B59AD70C94}.AppStore|ARM.Build.0 = Debug|Any CPU
		{95CDE927-6265-448E-9F16-54B59AD70C94}.AppStore|iPhone.ActiveCfg = Debug|Any CPU
		{95CDE927-6265-448E-9F16-54B59AD70C94}.AppStore|iPhone.Build.0 = Debug|Any CPU
		{95CDE927-6265-448E-9F16-54B59AD70C94}.AppStore|iPhoneSimulator.ActiveCfg = Debug|Any CPU
		{95CDE927-6265-448E-9F16-54B59AD70C94}.AppStore|iPhoneSimulator.Build.0 = Debug|Any CPU
		{95CDE927-6265-448E-9F16-54B59AD70C94}.AppStore|x64.ActiveCfg = Debug|Any CPU
		{95CDE927-6265-448E-9F16-54B59AD70C94}.AppStore|x64.Build.0 = Debug|Any CPU
		{95CDE927-6265-448E-9F16-54B59AD70C94}.AppStore|x86.ActiveCfg = Debug|Any CPU
		{95CDE927-6265-448E-9F16-54B59AD70C94}.AppStore|x86.Build.0 = Debug|Any CPU
		{95CDE927-6265-448E-9F16-54B59AD70C94}.Debug|Any CPU.ActiveCfg = Debug|Any CPU
		{95CDE927-6265-448E-9F16-54B59AD70C94}.Debug|Any CPU.Build.0 = Debug|Any CPU
		{95CDE927-6265-448E-9F16-54B59AD70C94}.Debug|ARM.ActiveCfg = Debug|Any CPU
		{95CDE927-6265-448E-9F16-54B59AD70C94}.Debug|ARM.Build.0 = Debug|Any CPU
		{95CDE927-6265-448E-9F16-54B59AD70C94}.Debug|iPhone.ActiveCfg = Debug|Any CPU
		{95CDE927-6265-448E-9F16-54B59AD70C94}.Debug|iPhone.Build.0 = Debug|Any CPU
		{95CDE927-6265-448E-9F16-54B59AD70C94}.Debug|iPhoneSimulator.ActiveCfg = Debug|Any CPU
		{95CDE927-6265-448E-9F16-54B59AD70C94}.Debug|iPhoneSimulator.Build.0 = Debug|Any CPU
		{95CDE927-6265-448E-9F16-54B59AD70C94}.Debug|x64.ActiveCfg = Debug|Any CPU
		{95CDE927-6265-448E-9F16-54B59AD70C94}.Debug|x64.Build.0 = Debug|Any CPU
		{95CDE927-6265-448E-9F16-54B59AD70C94}.Debug|x86.ActiveCfg = Debug|Any CPU
		{95CDE927-6265-448E-9F16-54B59AD70C94}.Debug|x86.Build.0 = Debug|Any CPU
		{95CDE927-6265-448E-9F16-54B59AD70C94}.Release|Any CPU.ActiveCfg = Release|Any CPU
		{95CDE927-6265-448E-9F16-54B59AD70C94}.Release|Any CPU.Build.0 = Release|Any CPU
		{95CDE927-6265-448E-9F16-54B59AD70C94}.Release|ARM.ActiveCfg = Release|Any CPU
		{95CDE927-6265-448E-9F16-54B59AD70C94}.Release|ARM.Build.0 = Release|Any CPU
		{95CDE927-6265-448E-9F16-54B59AD70C94}.Release|iPhone.ActiveCfg = Release|Any CPU
		{95CDE927-6265-448E-9F16-54B59AD70C94}.Release|iPhone.Build.0 = Release|Any CPU
		{95CDE927-6265-448E-9F16-54B59AD70C94}.Release|iPhoneSimulator.ActiveCfg = Release|Any CPU
		{95CDE927-6265-448E-9F16-54B59AD70C94}.Release|iPhoneSimulator.Build.0 = Release|Any CPU
		{95CDE927-6265-448E-9F16-54B59AD70C94}.Release|x64.ActiveCfg = Release|Any CPU
		{95CDE927-6265-448E-9F16-54B59AD70C94}.Release|x64.Build.0 = Release|Any CPU
		{95CDE927-6265-448E-9F16-54B59AD70C94}.Release|x86.ActiveCfg = Release|Any CPU
		{95CDE927-6265-448E-9F16-54B59AD70C94}.Release|x86.Build.0 = Release|Any CPU
	EndGlobalSection
	GlobalSection(SolutionProperties) = preSolution
		HideSolutionNode = FALSE
	EndGlobalSection
	GlobalSection(ExtensibilityGlobals) = postSolution
		SolutionGuid = {22BCC0C6-D319-4E27-A0E2-BEE6B4C71C6C}
	EndGlobalSection
EndGlobal
